summary: flock(1) locks files
webpage: https://github.com/discoteq/flock
version: 0.4.0 
bin-url: https://github.com/leleliu008/uppm-package-repository-netbsd-9.2-amd64/releases/download/2025.07.23/flock-0.4.0-netbsd-9.2-amd64.release.tar.xz 
bin-sha: f910b86967ec2fd813aa6c2c4ce9b3fca205da269c72061a51453fb812ea40f7
